
Microsoft Visual Studio Solution File, Format Version 12.00
# Visual Studio Version 17
VisualStudioVersion = 17.12.35506.116 d17.12
MinimumVisualStudioVersion = 10.0.40219.1
Project("{FAE04EC0-301F-11D3-BF4B-00C04F79EFBC}") = "To Do List Application (BEGINNER)", "To Do List Application (BEGINNER)\To Do List Application (BEGINNER).csproj", "{60C03954-F184-4BAB-BA9B-3748F1E92D9F}"
EndProject
Global
	GlobalSection(SolutionConfigurationPlatforms) = preSolution
		Debug|Any CPU = Debug|Any CPU
		Release|Any CPU = Release|Any CPU
	EndGlobalSection
	GlobalSection(ProjectConfigurationPlatforms) = postSolution
		{60C03954-F184-4BAB-BA9B-3748F1E92D9F}.Debug|Any CPU.ActiveCfg = Debug|Any CPU
		{60C03954-F184-4BAB-BA9B-3748F1E92D9F}.Debug|Any CPU.Build.0 = Debug|Any CPU
		{60C03954-F184-4BAB-BA9B-3748F1E92D9F}.Release|Any CPU.ActiveCfg = Release|Any CPU
		{60C03954-F184-4BAB-BA9B-3748F1E92D9F}.Release|Any CPU.Build.0 = Release|Any CPU
	EndGlobalSection
	GlobalSection(SolutionProperties) = preSolution
		HideSolutionNode = FALSE
	EndGlobalSection
EndGlobal
